<Solution>
  <Project Path="Classes_Rectangle-and-Circle/Classes_Rectangle-and-Circle.csproj" Id="e3da30ff-774b-42f4-9cf5-240ec5c89fee" />
  <Project Path="Collections_Arrays/Collections_Arrays.csproj" Id="9f030577-ee04-4b08-b55b-60510b6e112f" />
  <Project Path="Collections_Dictionary/Collections_Dictionary.csproj" Id="01652b73-c1bc-42cc-bcd6-376c389466ff" />
  <Project Path="Collections_Lists/Collections_Lists.csproj" Id="31d8c0e6-8984-4030-acac-a61ab84ee97d" />
  <Project Path="Conditional_Example2/Conditional_Example2.csproj" Id="917cc894-c297-4d76-b8d6-df476416d17a" />
  <Project Path="File_IO/File_IO.csproj" Id="0435b3b1-1a6c-4a01-a4c5-2baeb260c1a3" />
  <Project Path="Functions_Min-Max/Functions_Min-Max.csproj" Id="8d4d0d01-6cff-487d-aeee-5200b23134ac" />
  <Project Path="Loops_For/Loops_For.csproj" Id="b7b66726-3dc2-4a39-a153-67e3ee70f883" />
  <Project Path="Loops_While/Loops_While.csproj" Id="efedea88-13c2-4e0f-8230-8c8eada7e2a4" />
  <Project Path="Stringmanipulation-Example1/Stringmanipulation-Example1.csproj" Id="ac2959e1-9124-4840-97ac-c4e426f57490" />
  <Project Path="VariablesAndExpressions/VariablesAndExpressions.csproj" />
</Solution>
